
Microsoft Visual Studio Solution File, Format Version 12.00
# Visual Studio Version 17
VisualStudioVersion = 17.1.32328.378
MinimumVisualStudioVersion = 10.0.40219.1
Project("{FAE04EC0-301F-11D3-BF4B-00C04F79EFBC}") = "test01", "test01.csproj", "{1B86D65E-1661-4ABD-8121-9365FF88FB57}"
EndProject
Global
	GlobalSection(SolutionConfigurationPlatforms) = preSolution
		Debug|Any CPU = Debug|Any CPU
		Release|Any CPU = Release|Any CPU
	EndGlobalSection
	GlobalSection(ProjectConfigurationPlatforms) = postSolution
		{1B86D65E-1661-4ABD-8121-9365FF88FB57}.Debug|Any CPU.ActiveCfg = Debug|Any CPU
		{1B86D65E-1661-4ABD-8121-9365FF88FB57}.Debug|Any CPU.Build.0 = Debug|Any CPU
		{1B86D65E-1661-4ABD-8121-9365FF88FB57}.Release|Any CPU.ActiveCfg = Release|Any CPU
		{1B86D65E-1661-4ABD-8121-9365FF88FB57}.Release|Any CPU.Build.0 = Release|Any CPU
	EndGlobalSection
	GlobalSection(SolutionProperties) = preSolution
		HideSolutionNode = FALSE
	EndGlobalSection
	GlobalSection(ExtensibilityGlobals) = postSolution
		SolutionGuid = {75D99897-4CD0-4C90-84C1-AA0D4538AB93}
	EndGlobalSection
EndGlobal
